
Microsoft Visual Studio Solution File, Format Version 12.00
Project("{FAE04EC0-301F-11D3-BF4B-00C04F79EFBC}") = "Cwiczenia_1_APBD", "Cwiczenia_1_APBD\Cwiczenia_1_APBD.csproj", "{1C7A295E-FCDA-477C-B3CF-98AB7A2BD2F7}"
EndProject
Global
	GlobalSection(SolutionConfigurationPlatforms) = preSolution
		Debug|Any CPU = Debug|Any CPU
		Release|Any CPU = Release|Any CPU
	EndGlobalSection
	GlobalSection(ProjectConfigurationPlatforms) = postSolution
		{1C7A295E-FCDA-477C-B3CF-98AB7A2BD2F7}.Debug|Any CPU.ActiveCfg = Debug|Any CPU
		{1C7A295E-FCDA-477C-B3CF-98AB7A2BD2F7}.Debug|Any CPU.Build.0 = Debug|Any CPU
		{1C7A295E-FCDA-477C-B3CF-98AB7A2BD2F7}.Release|Any CPU.ActiveCfg = Release|Any CPU
		{1C7A295E-FCDA-477C-B3CF-98AB7A2BD2F7}.Release|Any CPU.Build.0 = Release|Any CPU
	EndGlobalSection
EndGlobal
